Microsoft Visual Studio Solution File, Format Version 12.00
# Visual Studio Version 16
VisualStudioVersion = 16.0.29424.173
MinimumVisualStudioVersion = 10.0.40219.1
Project("{2150E333-8FDC-42A3-9474-1A3956D46DE8}") = "Solution Items", "Solution Items", "{F7A0F21B-3FA1-4B99-8F46-E94A70608938}"
	ProjectSection(SolutionItems) = preProject
		LICENSE = LICENSE
		README.md = README.md
	EndProjectSection
EndProject
Project("{9A19103F-16F7-4668-BE54-9A1E7A4F7556}") = "Udger.Parser", "Udger.Parser\Udger.Parser.csproj", "{200E4267-C847-4DD0-A2A5-1363DDBAC6E6}"
EndProject
Project("{9A19103F-16F7-4668-BE54-9A1E7A4F7556}") = "Udger.Parser.Test", "Udger.Parser.Test\Udger.Parser.Test.csproj", "{5B76665D-B879-4055-91E1-3A2165AC4AAA}"
EndProject
Global
	GlobalSection(SolutionConfigurationPlatforms) = preSolution
		Debug|Any CPU = Debug|Any CPU
		Debug|Mixed Platforms = Debug|Mixed Platforms
		Debug|x86 = Debug|x86
		Release|Any CPU = Release|Any CPU
		Release|Mixed Platforms = Release|Mixed Platforms
		Release|x86 = Release|x86
	EndGlobalSection
	GlobalSection(ProjectConfigurationPlatforms) = postSolution
		{200E4267-C847-4DD0-A2A5-1363DDBAC6E6}.Debug|Any CPU.ActiveCfg = Debug|Any CPU
		{200E4267-C847-4DD0-A2A5-1363DDBAC6E6}.Debug|Any CPU.Build.0 = Debug|Any CPU
		{200E4267-C847-4DD0-A2A5-1363DDBAC6E6}.Debug|Mixed Platforms.ActiveCfg = Debug|Any CPU
		{200E4267-C847-4DD0-A2A5-1363DDBAC6E6}.Debug|Mixed Platforms.Build.0 = Debug|Any CPU
		{200E4267-C847-4DD0-A2A5-1363DDBAC6E6}.Debug|x86.ActiveCfg = Debug|Any CPU
		{200E4267-C847-4DD0-A2A5-1363DDBAC6E6}.Debug|x86.Build.0 = Debug|Any CPU
		{200E4267-C847-4DD0-A2A5-1363DDBAC6E6}.Release|Any CPU.ActiveCfg = Release|Any CPU
		{200E4267-C847-4DD0-A2A5-1363DDBAC6E6}.Release|Any CPU.Build.0 = Release|Any CPU
		{200E4267-C847-4DD0-A2A5-1363DDBAC6E6}.Release|Mixed Platforms.ActiveCfg = Release|Any CPU
		{200E4267-C847-4DD0-A2A5-1363DDBAC6E6}.Release|Mixed Platforms.Build.0 = Release|Any CPU
		{200E4267-C847-4DD0-A2A5-1363DDBAC6E6}.Release|x86.ActiveCfg = Release|Any CPU
		{200E4267-C847-4DD0-A2A5-1363DDBAC6E6}.Release|x86.Build.0 = Release|Any CPU
		{5B76665D-B879-4055-91E1-3A2165AC4AAA}.Debug|Any CPU.ActiveCfg = Debug|Any CPU
		{5B76665D-B879-4055-91E1-3A2165AC4AAA}.Debug|Any CPU.Build.0 = Debug|Any CPU
		{5B76665D-B879-4055-91E1-3A2165AC4AAA}.Debug|Mixed Platforms.ActiveCfg = Debug|Any CPU
		{5B76665D-B879-4055-91E1-3A2165AC4AAA}.Debug|Mixed Platforms.Build.0 = Debug|Any CPU
		{5B76665D-B879-4055-91E1-3A2165AC4AAA}.Debug|x86.ActiveCfg = Debug|Any CPU
		{5B76665D-B879-4055-91E1-3A2165AC4AAA}.Debug|x86.Build.0 = Debug|Any CPU
		{5B76665D-B879-4055-91E1-3A2165AC4AAA}.Release|Any CPU.ActiveCfg = Release|Any CPU
		{5B76665D-B879-4055-91E1-3A2165AC4AAA}.Release|Any CPU.Build.0 = Release|Any CPU
		{5B76665D-B879-4055-91E1-3A2165AC4AAA}.Release|Mixed Platforms.ActiveCfg = Release|Any CPU
		{5B76665D-B879-4055-91E1-3A2165AC4AAA}.Release|Mixed Platforms.Build.0 = Release|Any CPU
		{5B76665D-B879-4055-91E1-3A2165AC4AAA}.Release|x86.ActiveCfg = Release|Any CPU
		{5B76665D-B879-4055-91E1-3A2165AC4AAA}.Release|x86.Build.0 = Release|Any CPU
	EndGlobalSection
	GlobalSection(SolutionProperties) = preSolution
		HideSolutionNode = FALSE
	EndGlobalSection
	GlobalSection(ExtensibilityGlobals) = postSolution
		SolutionGuid = {50626C11-7CC2-473E-A3E5-9E3B28D4CCC9}
	EndGlobalSection
EndGlobal
